
Microsoft Visual Studio Solution File, Format Version 12.00
# Visual Studio 15
VisualStudioVersion = 15.0.26124.0
MinimumVisualStudioVersion = 15.0.26124.0
Project("{FAE04EC0-301F-11D3-BF4B-00C04F79EFBC}") = "StringSorter", "StringSorter\StringSorter.csproj", "{0547868D-9EBC-48D5-9EA7-C3A86FD38DDD}"
EndProject
Project("{FAE04EC0-301F-11D3-BF4B-00C04F79EFBC}") = "StringSorter.Tests", "StringSorter.Tests\StringSorter.Tests.csproj", "{471E936A-B44C-4EF4-B323-5007F93C3FDA}"
EndProject
Global
	GlobalSection(SolutionConfigurationPlatforms) = preSolution
		Debug|Any CPU = Debug|Any CPU
		Debug|x64 = Debug|x64
		Debug|x86 = Debug|x86
		Release|Any CPU = Release|Any CPU
		Release|x64 = Release|x64
		Release|x86 = Release|x86
	EndGlobalSection
	GlobalSection(SolutionProperties) = preSolution
		HideSolutionNode = FALSE
	EndGlobalSection
	GlobalSection(ProjectConfigurationPlatforms) = postSolution
		{0547868D-9EBC-48D5-9EA7-C3A86FD38DDD}.Debug|Any CPU.ActiveCfg = Debug|Any CPU
		{0547868D-9EBC-48D5-9EA7-C3A86FD38DDD}.Debug|Any CPU.Build.0 = Debug|Any CPU
		{0547868D-9EBC-48D5-9EA7-C3A86FD38DDD}.Debug|x64.ActiveCfg = Debug|Any CPU
		{0547868D-9EBC-48D5-9EA7-C3A86FD38DDD}.Debug|x64.Build.0 = Debug|Any CPU
		{0547868D-9EBC-48D5-9EA7-C3A86FD38DDD}.Debug|x86.ActiveCfg = Debug|Any CPU
		{0547868D-9EBC-48D5-9EA7-C3A86FD38DDD}.Debug|x86.Build.0 = Debug|Any CPU
		{0547868D-9EBC-48D5-9EA7-C3A86FD38DDD}.Release|Any CPU.ActiveCfg = Release|Any CPU
		{0547868D-9EBC-48D5-9EA7-C3A86FD38DDD}.Release|Any CPU.Build.0 = Release|Any CPU
		{0547868D-9EBC-48D5-9EA7-C3A86FD38DDD}.Release|x64.ActiveCfg = Release|Any CPU
		{0547868D-9EBC-48D5-9EA7-C3A86FD38DDD}.Release|x64.Build.0 = Release|Any CPU
		{0547868D-9EBC-48D5-9EA7-C3A86FD38DDD}.Release|x86.ActiveCfg = Release|Any CPU
		{0547868D-9EBC-48D5-9EA7-C3A86FD38DDD}.Release|x86.Build.0 = Release|Any CPU
		{471E936A-B44C-4EF4-B323-5007F93C3FDA}.Debug|Any CPU.ActiveCfg = Debug|Any CPU
		{471E936A-B44C-4EF4-B323-5007F93C3FDA}.Debug|Any CPU.Build.0 = Debug|Any CPU
		{471E936A-B44C-4EF4-B323-5007F93C3FDA}.Debug|x64.ActiveCfg = Debug|Any CPU
		{471E936A-B44C-4EF4-B323-5007F93C3FDA}.Debug|x64.Build.0 = Debug|Any CPU
		{471E936A-B44C-4EF4-B323-5007F93C3FDA}.Debug|x86.ActiveCfg = Debug|Any CPU
		{471E936A-B44C-4EF4-B323-5007F93C3FDA}.Debug|x86.Build.0 = Debug|Any CPU
		{471E936A-B44C-4EF4-B323-5007F93C3FDA}.Release|Any CPU.ActiveCfg = Release|Any CPU
		{471E936A-B44C-4EF4-B323-5007F93C3FDA}.Release|Any CPU.Build.0 = Release|Any CPU
		{471E936A-B44C-4EF4-B323-5007F93C3FDA}.Release|x64.ActiveCfg = Release|Any CPU
		{471E936A-B44C-4EF4-B323-5007F93C3FDA}.Release|x64.Build.0 = Release|Any CPU
		{471E936A-B44C-4EF4-B323-5007F93C3FDA}.Release|x86.ActiveCfg = Release|Any CPU
		{471E936A-B44C-4EF4-B323-5007F93C3FDA}.Release|x86.Build.0 = Release|Any CPU
	EndGlobalSection
EndGlobal
